// !$*UTF8*$!
{
	archiveVersion = 1;
	classes = {
	};
	objectVersion = 46;
	objects = {

/* Begin PBXBuildFile section */
		0A4B08C019804E76006A4190 /* Faker.swift in Sources */ = {isa = PBXBuildFile; fileRef = 0A4B08BF19804E76006A4190 /* Faker.swift */; };
		0AD1A01C197D617A008E39AE /* AppDelegate.swift in Sources */ = {isa = PBXBuildFile; fileRef = 0AD1A01B197D617A008E39AE /* AppDelegate.swift */; };
		0AD1A01E197D617A008E39AE /* ViewController.swift in Sources */ = {isa = PBXBuildFile; fileRef = 0AD1A01D197D617A008E39AE /* ViewController.swift */; };
		0AD1A021197D617A008E39AE /* Main.storyboard in Resources */ = {isa = PBXBuildFile; fileRef = 0AD1A01F197D617A008E39AE /* Main.storyboard */; };
		0AD1A023197D617A008E39AE /* Images.xcassets in Resources */ = {isa = PBXBuildFile; fileRef = 0AD1A022197D617A008E39AE /* Images.xcassets */; };
		0AD1A02F197D617A008E39AE /* FakerTests.swift in Sources */ = {isa = PBXBuildFile; fileRef = 0AD1A02E197D617A008E39AE /* FakerTests.swift */; };
/* End PBXBuildFile section */

/* Begin PBXContainerItemProxy section */
		0AD1A029197D617A008E39AE /* PBXContainerItemProxy */ = {
			isa = PBXContainerItemProxy;
			containerPortal = 0AD1A00E197D617A008E39AE /* Project object */;
			proxyType = 1;
			remoteGlobalIDString = 0AD1A015197D617A008E39AE;
			remoteInfo = Faker;
		};
/* End PBXContainerItemProxy section */

/* Begin PBXFileReference section */
		0A4B08BF19804E76006A4190 /* Faker.swift */ = {isa = PBXFileReference; fileEncoding = 4; lastKnownFileType = sourcecode.swift; path = Faker.swift; sourceTree = "<group>"; };
		0AD1A016197D617A008E39AE /* Faker.app */ = {isa = PBXFileReference; explicitFileType = wrapper.application; includeInIndex = 0; path = Faker.app; sourceTree = BUILT_PRODUCTS_DIR; };
		0AD1A01A197D617A008E39AE /* Info.plist */ = {isa = PBXFileReference; lastKnownFileType = text.plist.xml; path = Info.plist; sourceTree = "<group>"; };
		0AD1A01B197D617A008E39AE /* AppDelegate.swift */ = {isa = PBXFileReference; lastKnownFileType = sourcecode.swift; path = AppDelegate.swift; sourceTree = "<group>"; };
		0AD1A01D197D617A008E39AE /* ViewController.swift */ = {isa = PBXFileReference; lastKnownFileType = sourcecode.swift; path = ViewController.swift; sourceTree = "<group>"; };
		0AD1A020197D617A008E39AE /* Base */ = {isa = PBXFileReference; lastKnownFileType = file.storyboard; name = Base; path = Base.lproj/Main.storyboard; sourceTree = "<group>"; };
		0AD1A022197D617A008E39AE /* Images.xcassets */ = {isa = PBXFileReference; lastKnownFileType = folder.assetcatalog; path = Images.xcassets; sourceTree = "<group>"; };
		0AD1A028197D617A008E39AE /* FakerTests.xctest */ = {isa = PBXFileReference; explicitFileType = wrapper.cfbundle; includeInIndex = 0; path = FakerTests.xctest; sourceTree = BUILT_PRODUCTS_DIR; };
		0AD1A02D197D617A008E39AE /* Info.plist */ = {isa = PBXFileReference; lastKnownFileType = text.plist.xml; path = Info.plist; sourceTree = "<group>"; };
		0AD1A02E197D617A008E39AE /* FakerTests.swift */ = {isa = PBXFileReference; lastKnownFileType = sourcecode.swift; path = FakerTests.swift; sourceTree = "<group>"; };
/* End PBXFileReference section */

/* Begin PBXFrameworksBuildPhase section */
		0AD1A013197D617A008E39AE /* Frameworks */ = {
			isa = PBXFrameworksBuildPhase;
			buildActionMask = 2147483647;
			files = (
			);
			runOnlyForDeploymentPostprocessing = 0;
		};
		0AD1A025197D617A008E39AE /* Frameworks */ = {
			isa = PBXFrameworksBuildPhase;
			buildActionMask = 2147483647;
			files = (
			);
			runOnlyForDeploymentPostprocessing = 0;
		};
/* End PBXFrameworksBuildPhase section */

/* Begin PBXGroup section */
		0AD1A00D197D617A008E39AE = {
			isa = PBXGroup;
			children = (
				0AD1A018197D617A008E39AE /* Faker */,
				0AD1A02B197D617A008E39AE /* FakerTests */,
				0AD1A017197D617A008E39AE /* Products */,
			);
			sourceTree = "<group>";
		};
		0AD1A017197D617A008E39AE /* Products */ = {
			isa = PBXGroup;
			children = (
				0AD1A016197D617A008E39AE /* Faker.app */,
				0AD1A028197D617A008E39AE /* FakerTests.xctest */,
			);
			name = Products;
			sourceTree = "<group>";
		};
		0AD1A018197D617A008E39AE /* Faker */ = {
			isa = PBXGroup;
			children = (
				0AD1A01B197D617A008E39AE /* AppDelegate.swift */,
				0AD1A01D197D617A008E39AE /* ViewController.swift */,
				0A4B08BF19804E76006A4190 /* Faker.swift */,
				0AD1A01F197D617A008E39AE /* Main.storyboard */,
				0AD1A022197D617A008E39AE /* Images.xcassets */,
				0AD1A019197D617A008E39AE /* Supporting Files */,
			);
			path = Faker;
			sourceTree = "<group>";
		};
		0AD1A019197D617A008E39AE /* Supporting Files */ = {
			isa = PBXGroup;
			children = (
				0AD1A01A197D617A008E39AE /* Info.plist */,
			);
			name = "Supporting Files";
			sourceTree = "<group>";
		};
		0AD1A02B197D617A008E39AE /* FakerTests */ = {
			isa = PBXGroup;
			children = (
				0AD1A02E197D617A008E39AE /* FakerTests.swift */,
				0AD1A02C197D617A008E39AE /* Supporting Files */,
			);
			path = FakerTests;
			sourceTree = "<group>";
		};
		0AD1A02C197D617A008E39AE /* Supporting Files */ = {
			isa = PBXGroup;
			children = (
				0AD1A02D197D617A008E39AE /* Info.plist */,
			);
			name = "Supporting Files";
			sourceTree = "<group>";
		};
/* End PBXGroup section */

/* Begin PBXNativeTarget section */
		0AD1A015197D617A008E39AE /* Faker */ = {
			isa = PBXNativeTarget;
			buildConfigurationList = 0AD1A032197D617A008E39AE /* Build configuration list for PBXNativeTarget "Faker" */;
			buildPhases = (
				0AD1A012197D617A008E39AE /* Sources */,
				0AD1A013197D617A008E39AE /* Frameworks */,
				0AD1A014197D617A008E39AE /* Resources */,
			);
			buildRules = (
			);
			dependencies = (
			);
			name = Faker;
			productName = Faker;
			productReference = 0AD1A016197D617A008E39AE /* Faker.app */;
			productType = "com.apple.product-type.application";
		};
		0AD1A027197D617A008E39AE /* FakerTests */ = {
			isa = PBXNativeTarget;
			buildConfigurationList = 0AD1A035197D617A008E39AE /* Build configuration list for PBXNativeTarget "FakerTests" */;
			buildPhases = (
				0AD1A024197D617A008E39AE /* Sources */,
				0AD1A025197D617A008E39AE /* Frameworks */,
				0AD1A026197D617A008E39AE /* Resources */,
			);
			buildRules = (
			);
			dependencies = (
				0AD1A02A197D617A008E39AE /* PBXTargetDependency */,
			);
			name = FakerTests;
			productName = FakerTests;
			productReference = 0AD1A028197D617A008E39AE /* FakerTests.xctest */;
			productType = "com.apple.product-type.bundle.unit-test";
		};
/* End PBXNativeTarget section */

/* Begin PBXProject section */
		0AD1A00E197D617A008E39AE /* Project object */ = {
			isa = PBXProject;
			attributes = {
				LastUpgradeCheck = 0600;
				ORGANIZATIONNAME = AZAC;
				TargetAttributes = {
					0AD1A015197D617A008E39AE = {
						CreatedOnToolsVersion = 6.0;
					};
					0AD1A027197D617A008E39AE = {
						CreatedOnToolsVersion = 6.0;
						TestTargetID = 0AD1A015197D617A008E39AE;
					};
				};
			};
			buildConfigurationList = 0AD1A011197D617A008E39AE /* Build configuration list for PBXProject "Faker" */;
			compatibilityVersion = "Xcode 3.2";
			developmentRegion = English;
			hasScannedForEncodings = 0;
			knownRegions = (
				en,
				Base,
			);
			mainGroup = 0AD1A00D197D617A008E39AE;
			productRefGroup = 0AD1A017197D617A008E39AE /* Products */;
			projectDirPath = "";
			projectRoot = "";
			targets = (
				0AD1A015197D617A008E39AE /* Faker */,
				0AD1A027197D617A008E39AE /* FakerTests */,
			);
		};
/* End PBXProject section */

/* Begin PBXResourcesBuildPhase section */
		0AD1A014197D617A008E39AE /* Resources */ = {
			isa = PBXResourcesBuildPhase;
			buildActionMask = 2147483647;
			files = (
				0AD1A021197D617A008E39AE /* Main.storyboard in Resources */,
				0AD1A023197D617A008E39AE /* Images.xcassets in Resources */,
			);
			runOnlyForDeploymentPostprocessing = 0;
		};
		0AD1A026197D617A008E39AE /* Resources */ = {
			isa = PBXResourcesBuildPhase;
			buildActionMask = 2147483647;
			files = (
			);
			runOnlyForDeploymentPostprocessing = 0;
		};
/* End PBXResourcesBuildPhase section */

/* Begin PBXSourcesBuildPhase section */
		0AD1A012197D617A008E39AE /* Sources */ = {
			isa = PBXSourcesBuildPhase;
			buildActionMask = 2147483647;
			files = (
				0AD1A01E197D617A008E39AE /* ViewController.swift in Sources */,
				0AD1A01C197D617A008E39AE /* AppDelegate.swift in Sources */,
				0A4B08C019804E76006A4190 /* Faker.swift in Sources */,
			);
			runOnlyForDeploymentPostprocessing = 0;
		};
		0AD1A024197D617A008E39AE /* Sources */ = {
			isa = PBXSourcesBuildPhase;
			buildActionMask = 2147483647;
			files = (
				0AD1A02F197D617A008E39AE /* FakerTests.swift in Sources */,
			);
			runOnlyForDeploymentPostprocessing = 0;
		};
/* End PBXSourcesBuildPhase section */

/* Begin PBXTargetDependency section */
		0AD1A02A197D617A008E39AE /* PBXTargetDependency */ = {
			isa = PBXTargetDependency;
			target = 0AD1A015197D617A008E39AE /* Faker */;
			targetProxy = 0AD1A029197D617A008E39AE /* PBXContainerItemProxy */;
		};
/* End PBXTargetDependency section */

/* Begin PBXVariantGroup section */
		0AD1A01F197D617A008E39AE /* Main.storyboard */ = {
			isa = PBXVariantGroup;
			children = (
				0AD1A020197D617A008E39AE /* Base */,
			);
			name = Main.storyboard;
			sourceTree = "<group>";
		};
/* End PBXVariantGroup section */

/* Begin XCBuildConfiguration section */
		0AD1A030197D617A008E39AE /* Debug */ = {
			isa = XCBuildConfiguration;
			buildSettings = {
				ALWAYS_SEARCH_USER_PATHS = NO;
				CLANG_CXX_LANGUAGE_STANDARD = "gnu++0x";
				CLANG_CXX_LIBRARY = "libc++";
				CLANG_ENABLE_MODULES = YES;
				CLANG_ENABLE_OBJC_ARC = YES;
				CLANG_WARN_BOOL_CONVERSION = YES;
				CLANG_WARN_CONSTANT_CONVERSION = YES;
				CLANG_WARN_DIRECT_OBJC_ISA_USAGE = YES_ERROR;
				CLANG_WARN_EMPTY_BODY = YES;
				CLANG_WARN_ENUM_CONVERSION = YES;
				CLANG_WARN_INT_CONVERSION = YES;
				CLANG_WARN_OBJC_ROOT_CLASS = YES_ERROR;
				CLANG_WARN_UNREACHABLE_CODE = YES;
				CLANG_WARN__DUPLICATE_METHOD_MATCH = YES;
				"CODE_SIGN_IDENTITY[sdk=iphoneos*]" = "iPhone Developer";
				COPY_PHASE_STRIP = NO;
				ENABLE_STRICT_OBJC_MSGSEND = YES;
				GCC_C_LANGUAGE_STANDARD = gnu99;
				GCC_DYNAMIC_NO_PIC = NO;
				GCC_OPTIMIZATION_LEVEL = 0;
				GCC_PREPROCESSOR_DEFINITIONS = (
					"DEBUG=1",
					"$(inherited)",
				);
				GCC_SYMBOLS_PRIVATE_EXTERN = NO;
				GCC_WARN_64_TO_32_BIT_CONVERSION = YES;
				GCC_WARN_ABOUT_RETURN_TYPE = YES_ERROR;
				GCC_WARN_UNDECLARED_SELECTOR = YES;
				GCC_WARN_UNINITIALIZED_AUTOS = YES_AGGRESSIVE;
				GCC_WARN_UNUSED_FUNCTION = YES;
				GCC_WARN_UNUSED_VARIABLE = YES;
				IPHONEOS_DEPLOYMENT_TARGET = 8.0;
				METAL_ENABLE_DEBUG_INFO = YES;
				ONLY_ACTIVE_ARCH = YES;
				SDKROOT = iphoneos;
				SWIFT_OPTIMIZATION_LEVEL = "-Onone";
			};
			name = Debug;
		};
		0AD1A031197D617A008E39AE /* Release */ = {
			isa = XCBuildConfiguration;
			buildSettings = {
				ALWAYS_SEARCH_USER_PATHS = NO;
				CLANG_CXX_LANGUAGE_STANDARD = "gnu++0x";
				CLANG_CXX_LIBRARY = "libc++";
				CLANG_ENABLE_MODULES = YES;
				CLANG_ENABLE_OBJC_ARC = YES;
				CLANG_WARN_BOOL_CONVERSION = YES;
				CLANG_WARN_CONSTANT_CONVERSION = YES;
				CLANG_WARN_DIRECT_OBJC_ISA_USAGE = YES_ERROR;
				CLANG_WARN_EMPTY_BODY = YES;
				CLANG_WARN_ENUM_CONVERSION = YES;
				CLANG_WARN_INT_CONVERSION = YES;
				CLANG_WARN_OBJC_ROOT_CLASS = YES_ERROR;
				CLANG_WARN_UNREACHABLE_CODE = YES;
				CLANG_WARN__DUPLICATE_METHOD_MATCH = YES;
				"CODE_SIGN_IDENTITY[sdk=iphoneos*]" = "iPhone Developer";
				COPY_PHASE_STRIP = YES;
				ENABLE_NS_ASSERTIONS = NO;
				ENABLE_STRICT_OBJC_MSGSEND = YES;
				GCC_C_LANGUAGE_STANDARD = gnu99;
				GCC_WARN_64_TO_32_BIT_CONVERSION = YES;
				GCC_WARN_ABOUT_RETURN_TYPE = YES_ERROR;
				GCC_WARN_UNDECLARED_SELECTOR = YES;
				GCC_WARN_UNINITIALIZED_AUTOS = YES_AGGRESSIVE;
				GCC_WARN_UNUSED_FUNCTION = YES;
				GCC_WARN_UNUSED_VARIABLE = YES;
				IPHONEOS_DEPLOYMENT_TARGET = 8.0;
				METAL_ENABLE_DEBUG_INFO = NO;
				SDKROOT = iphoneos;
				VALIDATE_PRODUCT = YES;
			};
			name = Release;
		};
		0AD1A033197D617A008E39AE /* Debug */ = {
			isa = XCBuildConfiguration;
			buildSettings = {
				ASSETCATALOG_COMPILER_APPICON_NAME = AppIcon;
				ASSETCATALOG_COMPILER_LAUNCHIMAGE_NAME = LaunchImage;
				INFOPLIST_FILE = Faker/Info.plist;
				IPHONEOS_DEPLOYMENT_TARGET = 8.0;
				LD_RUNPATH_SEARCH_PATHS = "$(inherited) @executable_path/Frameworks";
				PRODUCT_NAME = "$(TARGET_NAME)";
			};
			name = Debug;
		};
		0AD1A034197D617A008E39AE /* Release */ = {
			isa = XCBuildConfiguration;
			buildSettings = {
				ASSETCATALOG_COMPILER_APPICON_NAME = AppIcon;
				ASSETCATALOG_COMPILER_LAUNCHIMAGE_NAME = LaunchImage;
				INFOPLIST_FILE = Faker/Info.plist;
				IPHONEOS_DEPLOYMENT_TARGET = 8.0;
				LD_RUNPATH_SEARCH_PATHS = "$(inherited) @executable_path/Frameworks";
				PRODUCT_NAME = "$(TARGET_NAME)";
			};
			name = Release;
		};
		0AD1A036197D617A008E39AE /* Debug */ = {
			isa = XCBuildConfiguration;
			buildSettings = {
				BUNDLE_LOADER = "$(BUILT_PRODUCTS_DIR)/Faker.app/Faker";
				FRAMEWORK_SEARCH_PATHS = (
					"$(SDKROOT)/Developer/Library/Frameworks",
					"$(inherited)",
				);
				GCC_PREPROCESSOR_DEFINITIONS = (
					"DEBUG=1",
					"$(inherited)",
				);
				INFOPLIST_FILE = FakerTests/Info.plist;
				LD_RUNPATH_SEARCH_PATHS = "$(inherited) @executable_path/Frameworks @loader_path/Frameworks";
				METAL_ENABLE_DEBUG_INFO = YES;
				PRODUCT_NAME = "$(TARGET_NAME)";
				TEST_HOST = "$(BUNDLE_LOADER)";
			};
			name = Debug;
		};
		0AD1A037197D617A008E39AE /* Release */ = {
			isa = XCBuildConfiguration;
			buildSettings = {
				BUNDLE_LOADER = "$(BUILT_PRODUCTS_DIR)/Faker.app/Faker";
				FRAMEWORK_SEARCH_PATHS = (
					"$(SDKROOT)/Developer/Library/Frameworks",
					"$(inherited)",
				);
				INFOPLIST_FILE = FakerTests/Info.plist;
				LD_RUNPATH_SEARCH_PATHS = "$(inherited) @executable_path/Frameworks @loader_path/Frameworks";
				METAL_ENABLE_DEBUG_INFO = NO;
				PRODUCT_NAME = "$(TARGET_NAME)";
				TEST_HOST = "$(BUNDLE_LOADER)";
			};
			name = Release;
		};
/* End XCBuildConfiguration section */

/* Begin XCConfigurationList section */
		0AD1A011197D617A008E39AE /* Build configuration list for PBXProject "Faker" */ = {
			isa = XCConfigurationList;
			buildConfigurations = (
				0AD1A030197D617A008E39AE /* Debug */,
				0AD1A031197D617A008E39AE /* Release */,
			);
			defaultConfigurationIsVisible = 0;
			defaultConfigurationName = Release;
		};
		0AD1A032197D617A008E39AE /* Build configuration list for PBXNativeTarget "Faker" */ = {
			isa = XCConfigurationList;
			buildConfigurations = (
				0AD1A033197D617A008E39AE /* Debug */,
				0AD1A034197D617A008E39AE /* Release */,
			);
			defaultConfigurationIsVisible = 0;
			defaultConfigurationName = Release;
		};
		0AD1A035197D617A008E39AE /* Build configuration list for PBXNativeTarget "FakerTests" */ = {
			isa = XCConfigurationList;
			buildConfigurations = (
				0AD1A036197D617A008E39AE /* Debug */,
				0AD1A037197D617A008E39AE /* Release */,
			);
			defaultConfigurationIsVisible = 0;
			defaultConfigurationName = Release;
		};
/* End XCConfigurationList section */
	};
	rootObject = 0AD1A00E197D617A008E39AE /* Project object */;
}
